
Microsoft Visual Studio Solution File, Format Version 12.00
# Visual Studio Version 16
VisualStudioVersion = 16.0.29503.13
MinimumVisualStudioVersion = 10.0.40219.1
Project("{FAE04EC0-301F-11D3-BF4B-00C04F79EFBC}") = "FF", "FF\FF.csproj", "{2666F486-0E78-4266-B53B-721C3ED39319}"
EndProject
Global
	GlobalSection(SolutionConfigurationPlatforms) = preSolution
		Debug|Any CPU = Debug|Any CPU
		Release|Any CPU = Release|Any CPU
	EndGlobalSection
	GlobalSection(ProjectConfigurationPlatforms) = postSolution
		{2666F486-0E78-4266-B53B-721C3ED39319}.Debug|Any CPU.ActiveCfg = Debug|Any CPU
		{2666F486-0E78-4266-B53B-721C3ED39319}.Debug|Any CPU.Build.0 = Debug|Any CPU
		{2666F486-0E78-4266-B53B-721C3ED39319}.Release|Any CPU.ActiveCfg = Release|Any CPU
		{2666F486-0E78-4266-B53B-721C3ED39319}.Release|Any CPU.Build.0 = Release|Any CPU
	EndGlobalSection
	GlobalSection(SolutionProperties) = preSolution
		HideSolutionNode = FALSE
	EndGlobalSection
	GlobalSection(ExtensibilityGlobals) = postSolution
		SolutionGuid = {F5DF5254-7954-49E1-96EC-558F68DEB817}
	EndGlobalSection
EndGlobal
